// !$*UTF8*$!
{
	archiveVersion = 1;
	classes = {
	};
	objectVersion = 48;
	objects = {

/* Begin PBXBuildFile section */
		CDB355D91FCDBD6C000C0676 /* AppDelegate.m in Sources */ = {isa = PBXBuildFile; fileRef = CDB355D81FCDBD6C000C0676 /* AppDelegate.m */; };
		CDB355DC1FCDBD6C000C0676 /* ViewController.m in Sources */ = {isa = PBXBuildFile; fileRef = CDB355DB1FCDBD6C000C0676 /* ViewController.m */; };
		CDB355DF1FCDBD6C000C0676 /* Main.storyboard in Resources */ = {isa = PBXBuildFile; fileRef = CDB355DD1FCDBD6C000C0676 /* Main.storyboard */; };
		CDB355E11FCDBD6C000C0676 /* Assets.xcassets in Resources */ = {isa = PBXBuildFile; fileRef = CDB355E01FCDBD6C000C0676 /* Assets.xcassets */; };
		CDB355E41FCDBD6C000C0676 /* LaunchScreen.storyboard in Resources */ = {isa = PBXBuildFile; fileRef = CDB355E21FCDBD6C000C0676 /* LaunchScreen.storyboard */; };
		CDB355E71FCDBD6C000C0676 /* main.m in Sources */ = {isa = PBXBuildFile; fileRef = CDB355E61FCDBD6C000C0676 /* main.m */; };
/* End PBXBuildFile section */

/* Begin PBXFileReference section */
		CDB355D41FCDBD6C000C0676 /* Speech.app */ = {isa = PBXFileReference; explicitFileType = wrapper.application; includeInIndex = 0; path = Speech.app; sourceTree = BUILT_PRODUCTS_DIR; };
		CDB355D71FCDBD6C000C0676 /* AppDelegate.h */ = {isa = PBXFileReference; lastKnownFileType = sourcecode.c.h; path = AppDelegate.h; sourceTree = "<group>"; };
		CDB355D81FCDBD6C000C0676 /* AppDelegate.m */ = {isa = PBXFileReference; lastKnownFileType = sourcecode.c.objc; path = AppDelegate.m; sourceTree = "<group>"; };
		CDB355DA1FCDBD6C000C0676 /* ViewController.h */ = {isa = PBXFileReference; lastKnownFileType = sourcecode.c.h; path = ViewController.h; sourceTree = "<group>"; };
		CDB355DB1FCDBD6C000C0676 /* ViewController.m */ = {isa = PBXFileReference; lastKnownFileType = sourcecode.c.objc; path = ViewController.m; sourceTree = "<group>"; };
		CDB355DE1FCDBD6C000C0676 /* Base */ = {isa = PBXFileReference; lastKnownFileType = file.storyboard; name = Base; path = Base.lproj/Main.storyboard; sourceTree = "<group>"; };
		CDB355E01FCDBD6C000C0676 /* Assets.xcassets */ = {isa = PBXFileReference; lastKnownFileType = folder.assetcatalog; path = Assets.xcassets; sourceTree = "<group>"; };
		CDB355E31FCDBD6C000C0676 /* Base */ = {isa = PBXFileReference; lastKnownFileType = file.storyboard; name = Base; path = Base.lproj/LaunchScreen.storyboard; sourceTree = "<group>"; };
		CDB355E51FCDBD6C000C0676 /* Info.plist */ = {isa = PBXFileReference; lastKnownFileType = text.plist.xml; path = Info.plist; sourceTree = "<group>"; };
		CDB355E61FCDBD6C000C0676 /* main.m */ = {isa = PBXFileReference; lastKnownFileType = sourcecode.c.objc; path = main.m; sourceTree = "<group>"; };
/* End PBXFileReference section */

/* Begin PBXFrameworksBuildPhase section */
		CDB355D11FCDBD6C000C0676 /* Frameworks */ = {
			isa = PBXFrameworksBuildPhase;
			buildActionMask = 2147483647;
			files = (
			);
			runOnlyForDeploymentPostprocessing = 0;
		};
/* End PBXFrameworksBuildPhase section */

/* Begin PBXGroup section */
		CDB355CB1FCDBD6C000C0676 = {
			isa = PBXGroup;
			children = (
				CDB355D61FCDBD6C000C0676 /* Speech */,
				CDB355D51FCDBD6C000C0676 /* Products */,
			);
			sourceTree = "<group>";
		};
		CDB355D51FCDBD6C000C0676 /* Products */ = {
			isa = PBXGroup;
			children = (
				CDB355D41FCDBD6C000C0676 /* Speech.app */,
			);
			name = Products;
			sourceTree = "<group>";
		};
		CDB355D61FCDBD6C000C0676 /* Speech */ = {
			isa = PBXGroup;
			children = (
				CDB355D71FCDBD6C000C0676 /* AppDelegate.h */,
				CDB355D81FCDBD6C000C0676 /* AppDelegate.m */,
				CDB355DA1FCDBD6C000C0676 /* ViewController.h */,
				CDB355DB1FCDBD6C000C0676 /* ViewController.m */,
				CDB355DD1FCDBD6C000C0676 /* Main.storyboard */,
				CDB355E01FCDBD6C000C0676 /* Assets.xcassets */,
				CDB355E21FCDBD6C000C0676 /* LaunchScreen.storyboard */,
				CDB355E51FCDBD6C000C0676 /* Info.plist */,
				CDB355E61FCDBD6C000C0676 /* main.m */,
			);
			path = Speech;
			sourceTree = "<group>";
		};
/* End PBXGroup section */

/* Begin PBXNativeTarget section */
		CDB355D31FCDBD6C000C0676 /* Speech */ = {
			isa = PBXNativeTarget;
			buildConfigurationList = CDB355EA1FCDBD6C000C0676 /* Build configuration list for PBXNativeTarget "Speech" */;
			buildPhases = (
				CDB355D01FCDBD6C000C0676 /* Sources */,
				CDB355D11FCDBD6C000C0676 /* Frameworks */,
				CDB355D21FCDBD6C000C0676 /* Resources */,
			);
			buildRules = (
			);
			dependencies = (
			);
			name = Speech;
			productName = Speech;
			productReference = CDB355D41FCDBD6C000C0676 /* Speech.app */;
			productType = "com.apple.product-type.application";
		};
/* End PBXNativeTarget section */

/* Begin PBXProject section */
		CDB355CC1FCDBD6C000C0676 /* Project object */ = {
			isa = PBXProject;
			attributes = {
				LastUpgradeCheck = 0910;
				ORGANIZATIONNAME = PatrickY;
				TargetAttributes = {
					CDB355D31FCDBD6C000C0676 = {
						CreatedOnToolsVersion = 9.1;
						ProvisioningStyle = Automatic;
					};
				};
			};
			buildConfigurationList = CDB355CF1FCDBD6C000C0676 /* Build configuration list for PBXProject "Speech" */;
			compatibilityVersion = "Xcode 8.0";
			developmentRegion = en;
			hasScannedForEncodings = 0;
			knownRegions = (
				en,
				Base,
			);
			mainGroup = CDB355CB1FCDBD6C000C0676;
			productRefGroup = CDB355D51FCDBD6C000C0676 /* Products */;
			projectDirPath = "";
			projectRoot = "";
			targets = (
				CDB355D31FCDBD6C000C0676 /* Speech */,
			);
		};
/* End PBXProject section */

/* Begin PBXResourcesBuildPhase section */
		CDB355D21FCDBD6C000C0676 /* Resources */ = {
			isa = PBXResourcesBuildPhase;
			buildActionMask = 2147483647;
			files = (
				CDB355E41FCDBD6C000C0676 /* LaunchScreen.storyboard in Resources */,
				CDB355E11FCDBD6C000C0676 /* Assets.xcassets in Resources */,
				CDB355DF1FCDBD6C000C0676 /* Main.storyboard in Resources */,
			);
			runOnlyForDeploymentPostprocessing = 0;
		};
/* End PBXResourcesBuildPhase section */

/* Begin PBXSourcesBuildPhase section */
		CDB355D01FCDBD6C000C0676 /* Sources */ = {
			isa = PBXSourcesBuildPhase;
			buildActionMask = 2147483647;
			files = (
				CDB355DC1FCDBD6C000C0676 /* ViewController.m in Sources */,
				CDB355E71FCDBD6C000C0676 /* main.m in Sources */,
				CDB355D91FCDBD6C000C0676 /* AppDelegate.m in Sources */,
			);
			runOnlyForDeploymentPostprocessing = 0;
		};
/* End PBXSourcesBuildPhase section */

/* Begin PBXVariantGroup section */
		CDB355DD1FCDBD6C000C0676 /* Main.storyboard */ = {
			isa = PBXVariantGroup;
			children = (
				CDB355DE1FCDBD6C000C0676 /* Base */,
			);
			name = Main.storyboard;
			sourceTree = "<group>";
		};
		CDB355E21FCDBD6C000C0676 /* LaunchScreen.storyboard */ = {
			isa = PBXVariantGroup;
			children = (
				CDB355E31FCDBD6C000C0676 /* Base */,
			);
			name = LaunchScreen.storyboard;
			sourceTree = "<group>";
		};
/* End PBXVariantGroup section */

/* Begin XCBuildConfiguration section */
		CDB355E81FCDBD6C000C0676 /* Debug */ = {
			isa = XCBuildConfiguration;
			buildSettings = {
				ALWAYS_SEARCH_USER_PATHS = NO;
				CLANG_ANALYZER_NONNULL = YES;
				CLANG_ANALYZER_NUMBER_OBJECT_CONVERSION = YES_AGGRESSIVE;
				CLANG_CXX_LANGUAGE_STANDARD = "gnu++14";
				CLANG_CXX_LIBRARY = "libc++";
				CLANG_ENABLE_MODULES = YES;
				CLANG_ENABLE_OBJC_ARC = YES;
				CLANG_WARN_BLOCK_CAPTURE_AUTORELEASING = YES;
				CLANG_WARN_BOOL_CONVERSION = YES;
				CLANG_WARN_COMMA = YES;
				CLANG_WARN_CONSTANT_CONVERSION = YES;
				CLANG_WARN_DIRECT_OBJC_ISA_USAGE = YES_ERROR;
				CLANG_WARN_DOCUMENTATION_COMMENTS = YES;
				CLANG_WARN_EMPTY_BODY = YES;
				CLANG_WARN_ENUM_CONVERSION = YES;
				CLANG_WARN_INFINITE_RECURSION = YES;
				CLANG_WARN_INT_CONVERSION = YES;
				CLANG_WARN_NON_LITERAL_NULL_CONVERSION = YES;
				CLANG_WARN_OBJC_LITERAL_CONVERSION = YES;
				CLANG_WARN_OBJC_ROOT_CLASS = YES_ERROR;
				CLANG_WARN_RANGE_LOOP_ANALYSIS = YES;
				CLANG_WARN_STRICT_PROTOTYPES = YES;
				CLANG_WARN_SUSPICIOUS_MOVE = YES;
				CLANG_WARN_UNGUARDED_AVAILABILITY = YES_AGGRESSIVE;
				CLANG_WARN_UNREACHABLE_CODE = YES;
				CLANG_WARN__DUPLICATE_METHOD_MATCH = YES;
				CODE_SIGN_IDENTITY = "iPhone Developer";
				COPY_PHASE_STRIP = NO;
				DEBUG_INFORMATION_FORMAT = dwarf;
				ENABLE_STRICT_OBJC_MSGSEND = YES;
				ENABLE_TESTABILITY = YES;
				GCC_C_LANGUAGE_STANDARD = gnu11;
				GCC_DYNAMIC_NO_PIC = NO;
				GCC_NO_COMMON_BLOCKS = YES;
				GCC_OPTIMIZATION_LEVEL = 0;
				GCC_PREPROCESSOR_DEFINITIONS = (
					"DEBUG=1",
					"$(inherited)",
				);
				GCC_WARN_64_TO_32_BIT_CONVERSION = YES;
				GCC_WARN_ABOUT_RETURN_TYPE = YES_ERROR;
				GCC_WARN_UNDECLARED_SELECTOR = YES;
				GCC_WARN_UNINITIALIZED_AUTOS = YES_AGGRESSIVE;
				GCC_WARN_UNUSED_FUNCTION = YES;
				GCC_WARN_UNUSED_VARIABLE = YES;
				IPHONEOS_DEPLOYMENT_TARGET = 11.1;
				MTL_ENABLE_DEBUG_INFO = YES;
				ONLY_ACTIVE_ARCH = YES;
				SDKROOT = iphoneos;
			};
			name = Debug;
		};
		CDB355E91FCDBD6C000C0676 /* Release */ = {
			isa = XCBuildConfiguration;
			buildSettings = {
				ALWAYS_SEARCH_USER_PATHS = NO;
				CLANG_ANALYZER_NONNULL = YES;
				CLANG_ANALYZER_NUMBER_OBJECT_CONVERSION = YES_AGGRESSIVE;
				CLANG_CXX_LANGUAGE_STANDARD = "gnu++14";
				CLANG_CXX_LIBRARY = "libc++";
				CLANG_ENABLE_MODULES = YES;
				CLANG_ENABLE_OBJC_ARC = YES;
				CLANG_WARN_BLOCK_CAPTURE_AUTORELEASING = YES;
				CLANG_WARN_BOOL_CONVERSION = YES;
				CLANG_WARN_COMMA = YES;
				CLANG_WARN_CONSTANT_CONVERSION = YES;
				CLANG_WARN_DIRECT_OBJC_ISA_USAGE = YES_ERROR;
				CLANG_WARN_DOCUMENTATION_COMMENTS = YES;
				CLANG_WARN_EMPTY_BODY = YES;
				CLANG_WARN_ENUM_CONVERSION = YES;
				CLANG_WARN_INFINITE_RECURSION = YES;
				CLANG_WARN_INT_CONVERSION = YES;
				CLANG_WARN_NON_LITERAL_NULL_CONVERSION = YES;
				CLANG_WARN_OBJC_LITERAL_CONVERSION = YES;
				CLANG_WARN_OBJC_ROOT_CLASS = YES_ERROR;
				CLANG_WARN_RANGE_LOOP_ANALYSIS = YES;
				CLANG_WARN_STRICT_PROTOTYPES = YES;
				CLANG_WARN_SUSPICIOUS_MOVE = YES;
				CLANG_WARN_UNGUARDED_AVAILABILITY = YES_AGGRESSIVE;
				CLANG_WARN_UNREACHABLE_CODE = YES;
				CLANG_WARN__DUPLICATE_METHOD_MATCH = YES;
				CODE_SIGN_IDENTITY = "iPhone Developer";
				COPY_PHASE_STRIP = NO;
				DEBUG_INFORMATION_FORMAT = "dwarf-with-dsym";
				ENABLE_NS_ASSERTIONS = NO;
				ENABLE_STRICT_OBJC_MSGSEND = YES;
				GCC_C_LANGUAGE_STANDARD = gnu11;
				GCC_NO_COMMON_BLOCKS = YES;
				GCC_WARN_64_TO_32_BIT_CONVERSION = YES;
				GCC_WARN_ABOUT_RETURN_TYPE = YES_ERROR;
				GCC_WARN_UNDECLARED_SELECTOR = YES;
				GCC_WARN_UNINITIALIZED_AUTOS = YES_AGGRESSIVE;
				GCC_WARN_UNUSED_FUNCTION = YES;
				GCC_WARN_UNUSED_VARIABLE = YES;
				IPHONEOS_DEPLOYMENT_TARGET = 11.1;
				MTL_ENABLE_DEBUG_INFO = NO;
				SDKROOT = iphoneos;
				VALIDATE_PRODUCT = YES;
			};
			name = Release;
		};
		CDB355EB1FCDBD6C000C0676 /* Debug */ = {
			isa = XCBuildConfiguration;
			buildSettings = {
				ASSETCATALOG_COMPILER_APPICON_NAME = AppIcon;
				CODE_SIGN_STYLE = Automatic;
				DEVELOPMENT_TEAM = 5C23J56UD3;
				INFOPLIST_FILE = Speech/Info.plist;
				LD_RUNPATH_SEARCH_PATHS = "$(inherited) @executable_path/Frameworks";
				PRODUCT_BUNDLE_IDENTIFIER = com.py.Speech;
				PRODUCT_NAME = "$(TARGET_NAME)";
				TARGETED_DEVICE_FAMILY = "1,2";
			};
			name = Debug;
		};
		CDB355EC1FCDBD6C000C0676 /* Release */ = {
			isa = XCBuildConfiguration;
			buildSettings = {
				ASSETCATALOG_COMPILER_APPICON_NAME = AppIcon;
				CODE_SIGN_STYLE = Automatic;
				DEVELOPMENT_TEAM = 5C23J56UD3;
				INFOPLIST_FILE = Speech/Info.plist;
				LD_RUNPATH_SEARCH_PATHS = "$(inherited) @executable_path/Frameworks";
				PRODUCT_BUNDLE_IDENTIFIER = com.py.Speech;
				PRODUCT_NAME = "$(TARGET_NAME)";
				TARGETED_DEVICE_FAMILY = "1,2";
			};
			name = Release;
		};
/* End XCBuildConfiguration section */

/* Begin XCConfigurationList section */
		CDB355CF1FCDBD6C000C0676 /* Build configuration list for PBXProject "Speech" */ = {
			isa = XCConfigurationList;
			buildConfigurations = (
				CDB355E81FCDBD6C000C0676 /* Debug */,
				CDB355E91FCDBD6C000C0676 /* Release */,
			);
			defaultConfigurationIsVisible = 0;
			defaultConfigurationName = Release;
		};
		CDB355EA1FCDBD6C000C0676 /* Build configuration list for PBXNativeTarget "Speech" */ = {
			isa = XCConfigurationList;
			buildConfigurations = (
				CDB355EB1FCDBD6C000C0676 /* Debug */,
				CDB355EC1FCDBD6C000C0676 /* Release */,
			);
			defaultConfigurationIsVisible = 0;
			defaultConfigurationName = Release;
		};
/* End XCConfigurationList section */
	};
	rootObject = CDB355CC1FCDBD6C000C0676 /* Project object */;
}
